
Microsoft Visual Studio Solution File, Format Version 12.00
# Visual Studio Version 17
VisualStudioVersion = 17.0.31903.59
MinimumVisualStudioVersion = 10.0.40219.1
Project("{9A19103F-16F7-4668-BE54-9A1E7A4F7556}") = "Puzzles2021", "2021\Puzzles2021\Puzzles2021.csproj", "{248EF098-3ADC-413E-B28E-C9558027E03F}"
EndProject
Project("{2150E333-8FDC-42A3-9474-1A3956D46DE8}") = "2021", "2021", "{FA2B2408-8D15-429C-A38B-053F74C27245}"
EndProject
Project("{FAE04EC0-301F-11D3-BF4B-00C04F79EFBC}") = "Tests2021", "2021\Tests2021\Tests2021.csproj", "{E9C39898-C968-4C01-8B29-72C3ED44B55F}"
EndProject
Project("{2150E333-8FDC-42A3-9474-1A3956D46DE8}") = "Items", "Items", "{DDB09597-4ADA-4CDE-895C-741D8CFC56AE}"
	ProjectSection(SolutionItems) = preProject
		Directory.Build.props = Directory.Build.props
		.gitignore = .gitignore
		README.md = README.md
		.editorconfig = .editorconfig
	EndProjectSection
EndProject
Project("{2150E333-8FDC-42A3-9474-1A3956D46DE8}") = "2019", "2019", "{14FF88EF-59B1-4778-8C81-8CA6E97740B2}"
EndProject
Project("{FAE04EC0-301F-11D3-BF4B-00C04F79EFBC}") = "Puzzles2019", "2019\Puzzles2019\Puzzles2019.csproj", "{AFB68EAA-016B-4547-A0C9-512228DE6072}"
EndProject
Project("{FAE04EC0-301F-11D3-BF4B-00C04F79EFBC}") = "Tests2019", "2019\Tests2019\Tests2019.csproj", "{9D9C7BFB-C715-4B7C-A771-877AA40CBBCD}"
EndProject
Project("{FAE04EC0-301F-11D3-BF4B-00C04F79EFBC}") = "Shared", "Shared\Shared.csproj", "{A5E7B41E-A2C3-4AF2-83FC-3494ADE078A2}"
EndProject
Project("{2150E333-8FDC-42A3-9474-1A3956D46DE8}") = "Template", "Template", "{AF7DE079-7B2C-43A6-A3C6-D8146159CA83}"
EndProject
Project("{FAE04EC0-301F-11D3-BF4B-00C04F79EFBC}") = "PuzzlesTemplate", "Template\PuzzlesTemplate\PuzzlesTemplate.csproj", "{3ACE7C75-6B4F-4797-B614-40E44942F2F4}"
EndProject
Project("{FAE04EC0-301F-11D3-BF4B-00C04F79EFBC}") = "TestsTemplate", "Template\TestsTemplate\TestsTemplate.csproj", "{7CD106B7-EC17-443A-887A-F11D63E9FBBC}"
EndProject
Project("{FAE04EC0-301F-11D3-BF4B-00C04F79EFBC}") = "TestsShared", "TestsShared\TestsShared.csproj", "{38FDD5A5-53E8-4AFF-88AB-1FD48882A0EF}"
EndProject
Project("{2150E333-8FDC-42A3-9474-1A3956D46DE8}") = "2020", "2020", "{4B733F14-7C75-4D54-9669-877FEE58A8F9}"
EndProject
Project("{FAE04EC0-301F-11D3-BF4B-00C04F79EFBC}") = "Puzzles2020", "2020\Puzzles2020\Puzzles2020.csproj", "{4858C879-567D-4141-AF7F-03A64571A7EC}"
EndProject
Project("{FAE04EC0-301F-11D3-BF4B-00C04F79EFBC}") = "Tests2020", "2020\Tests2020\Tests2020.csproj", "{1D1DAE4D-0F66-4A3A-8C98-C0432BB4A4CF}"
EndProject
Global
	GlobalSection(SolutionConfigurationPlatforms) = preSolution
		Debug|Any CPU = Debug|Any CPU
		Release|Any CPU = Release|Any CPU
	EndGlobalSection
	GlobalSection(ProjectConfigurationPlatforms) = postSolution
		{248EF098-3ADC-413E-B28E-C9558027E03F}.Debug|Any CPU.ActiveCfg = Debug|Any CPU
		{248EF098-3ADC-413E-B28E-C9558027E03F}.Debug|Any CPU.Build.0 = Debug|Any CPU
		{248EF098-3ADC-413E-B28E-C9558027E03F}.Release|Any CPU.ActiveCfg = Release|Any CPU
		{248EF098-3ADC-413E-B28E-C9558027E03F}.Release|Any CPU.Build.0 = Release|Any CPU
		{E9C39898-C968-4C01-8B29-72C3ED44B55F}.Debug|Any CPU.ActiveCfg = Debug|Any CPU
		{E9C39898-C968-4C01-8B29-72C3ED44B55F}.Debug|Any CPU.Build.0 = Debug|Any CPU
		{E9C39898-C968-4C01-8B29-72C3ED44B55F}.Release|Any CPU.ActiveCfg = Release|Any CPU
		{E9C39898-C968-4C01-8B29-72C3ED44B55F}.Release|Any CPU.Build.0 = Release|Any CPU
		{AFB68EAA-016B-4547-A0C9-512228DE6072}.Debug|Any CPU.ActiveCfg = Debug|Any CPU
		{AFB68EAA-016B-4547-A0C9-512228DE6072}.Debug|Any CPU.Build.0 = Debug|Any CPU
		{AFB68EAA-016B-4547-A0C9-512228DE6072}.Release|Any CPU.ActiveCfg = Release|Any CPU
		{AFB68EAA-016B-4547-A0C9-512228DE6072}.Release|Any CPU.Build.0 = Release|Any CPU
		{9D9C7BFB-C715-4B7C-A771-877AA40CBBCD}.Debug|Any CPU.ActiveCfg = Debug|Any CPU
		{9D9C7BFB-C715-4B7C-A771-877AA40CBBCD}.Debug|Any CPU.Build.0 = Debug|Any CPU
		{9D9C7BFB-C715-4B7C-A771-877AA40CBBCD}.Release|Any CPU.ActiveCfg = Release|Any CPU
		{9D9C7BFB-C715-4B7C-A771-877AA40CBBCD}.Release|Any CPU.Build.0 = Release|Any CPU
		{A5E7B41E-A2C3-4AF2-83FC-3494ADE078A2}.Debug|Any CPU.ActiveCfg = Debug|Any CPU
		{A5E7B41E-A2C3-4AF2-83FC-3494ADE078A2}.Debug|Any CPU.Build.0 = Debug|Any CPU
		{A5E7B41E-A2C3-4AF2-83FC-3494ADE078A2}.Release|Any CPU.ActiveCfg = Release|Any CPU
		{A5E7B41E-A2C3-4AF2-83FC-3494ADE078A2}.Release|Any CPU.Build.0 = Release|Any CPU
		{3ACE7C75-6B4F-4797-B614-40E44942F2F4}.Debug|Any CPU.ActiveCfg = Debug|Any CPU
		{3ACE7C75-6B4F-4797-B614-40E44942F2F4}.Debug|Any CPU.Build.0 = Debug|Any CPU
		{3ACE7C75-6B4F-4797-B614-40E44942F2F4}.Release|Any CPU.ActiveCfg = Release|Any CPU
		{3ACE7C75-6B4F-4797-B614-40E44942F2F4}.Release|Any CPU.Build.0 = Release|Any CPU
		{7CD106B7-EC17-443A-887A-F11D63E9FBBC}.Debug|Any CPU.ActiveCfg = Debug|Any CPU
		{7CD106B7-EC17-443A-887A-F11D63E9FBBC}.Debug|Any CPU.Build.0 = Debug|Any CPU
		{7CD106B7-EC17-443A-887A-F11D63E9FBBC}.Release|Any CPU.ActiveCfg = Release|Any CPU
		{7CD106B7-EC17-443A-887A-F11D63E9FBBC}.Release|Any CPU.Build.0 = Release|Any CPU
		{38FDD5A5-53E8-4AFF-88AB-1FD48882A0EF}.Debug|Any CPU.ActiveCfg = Debug|Any CPU
		{38FDD5A5-53E8-4AFF-88AB-1FD48882A0EF}.Debug|Any CPU.Build.0 = Debug|Any CPU
		{38FDD5A5-53E8-4AFF-88AB-1FD48882A0EF}.Release|Any CPU.ActiveCfg = Release|Any CPU
		{38FDD5A5-53E8-4AFF-88AB-1FD48882A0EF}.Release|Any CPU.Build.0 = Release|Any CPU
		{4858C879-567D-4141-AF7F-03A64571A7EC}.Debug|Any CPU.ActiveCfg = Debug|Any CPU
		{4858C879-567D-4141-AF7F-03A64571A7EC}.Debug|Any CPU.Build.0 = Debug|Any CPU
		{4858C879-567D-4141-AF7F-03A64571A7EC}.Release|Any CPU.ActiveCfg = Release|Any CPU
		{4858C879-567D-4141-AF7F-03A64571A7EC}.Release|Any CPU.Build.0 = Release|Any CPU
		{1D1DAE4D-0F66-4A3A-8C98-C0432BB4A4CF}.Debug|Any CPU.ActiveCfg = Debug|Any CPU
		{1D1DAE4D-0F66-4A3A-8C98-C0432BB4A4CF}.Debug|Any CPU.Build.0 = Debug|Any CPU
		{1D1DAE4D-0F66-4A3A-8C98-C0432BB4A4CF}.Release|Any CPU.ActiveCfg = Release|Any CPU
		{1D1DAE4D-0F66-4A3A-8C98-C0432BB4A4CF}.Release|Any CPU.Build.0 = Release|Any CPU
	EndGlobalSection
	GlobalSection(SolutionProperties) = preSolution
		HideSolutionNode = FALSE
	EndGlobalSection
	GlobalSection(NestedProjects) = preSolution
		{248EF098-3ADC-413E-B28E-C9558027E03F} = {FA2B2408-8D15-429C-A38B-053F74C27245}
		{E9C39898-C968-4C01-8B29-72C3ED44B55F} = {FA2B2408-8D15-429C-A38B-053F74C27245}
		{AFB68EAA-016B-4547-A0C9-512228DE6072} = {14FF88EF-59B1-4778-8C81-8CA6E97740B2}
		{9D9C7BFB-C715-4B7C-A771-877AA40CBBCD} = {14FF88EF-59B1-4778-8C81-8CA6E97740B2}
		{3ACE7C75-6B4F-4797-B614-40E44942F2F4} = {AF7DE079-7B2C-43A6-A3C6-D8146159CA83}
		{7CD106B7-EC17-443A-887A-F11D63E9FBBC} = {AF7DE079-7B2C-43A6-A3C6-D8146159CA83}
		{4858C879-567D-4141-AF7F-03A64571A7EC} = {4B733F14-7C75-4D54-9669-877FEE58A8F9}
		{1D1DAE4D-0F66-4A3A-8C98-C0432BB4A4CF} = {4B733F14-7C75-4D54-9669-877FEE58A8F9}
	EndGlobalSection
	GlobalSection(ExtensibilityGlobals) = postSolution
		SolutionGuid = {771C903F-1161-440A-B129-007C41417E12}
	EndGlobalSection
EndGlobal
